
Microsoft Visual Studio Solution File, Format Version 12.00
# Visual Studio Version 17
VisualStudioVersion = 17.10.35004.147
MinimumVisualStudioVersion = 10.0.40219.1
Project("{2150E333-8FDC-42A3-9474-1A3956D46DE8}") = "src", "src", "{2FA45FEC-CB6D-4C9C-9F3F-E88089209C9D}"
EndProject
Project("{2150E333-8FDC-42A3-9474-1A3956D46DE8}") = "Solution Items", "Solution Items", "{9DF0DC07-BD79-4705-BB24-D95A7696F3D3}"
	ProjectSection(SolutionItems) = preProject
		ServiceUrls.txt = ServiceUrls.txt
	EndProjectSection
EndProject
Project("{2150E333-8FDC-42A3-9474-1A3956D46DE8}") = "ApiGateways", "ApiGateways", "{450CF575-D9F8-4C6E-AE29-BC8CE1B4239F}"
EndProject
Project("{2150E333-8FDC-42A3-9474-1A3956D46DE8}") = "BuildingBlocks", "BuildingBlocks", "{C23FF329-259F-409C-9FBE-E92B37678188}"
EndProject
Project("{2150E333-8FDC-42A3-9474-1A3956D46DE8}") = "Services", "Services", "{8A9483B8-CDB7-4D7C-B000-FDCBB466DC37}"
EndProject
Project("{2150E333-8FDC-42A3-9474-1A3956D46DE8}") = "Clients", "Clients", "{02E763D4-6605-4E7C-8BDB-F19ECA4930E4}"
EndProject
Project("{2150E333-8FDC-42A3-9474-1A3956D46DE8}") = "BlazorWebApp", "BlazorWebApp", "{58BFF724-E734-490C-8BF8-A0E6A1D56929}"
EndProject
Project("{2150E333-8FDC-42A3-9474-1A3956D46DE8}") = "WebApiGateway", "WebApiGateway", "{3A1E423C-C4E7-4575-AD3E-EBF58F34D11E}"
EndProject
Project("{FAE04EC0-301F-11D3-BF4B-00C04F79EFBC}") = "Web.ApiGateway", "src\ApiGateways\WebApiGateway\Web.ApiGateway\Web.ApiGateway.csproj", "{DD209FD5-58E5-4C1C-B4DC-81043C1977E9}"
EndProject
Project("{2150E333-8FDC-42A3-9474-1A3956D46DE8}") = "EventBus", "EventBus", "{8873FB35-28BB-401D-95BC-1B3F78D40E78}"
EndProject
Project("{FAE04EC0-301F-11D3-BF4B-00C04F79EFBC}") = "EventBus.Base", "src\BuildingBlocks\EventBus\EventBus.Base\EventBus.Base.csproj", "{C267C03D-6045-4A0B-B4F5-5ED73B49D5A0}"
EndProject
Project("{FAE04EC0-301F-11D3-BF4B-00C04F79EFBC}") = "EventBus.Factory", "src\BuildingBlocks\EventBus\EventBus.Factory\EventBus.Factory.csproj", "{B22D278E-100B-46CC-AC64-B75704AEA268}"
EndProject
Project("{FAE04EC0-301F-11D3-BF4B-00C04F79EFBC}") = "EventBus.AzureServiceBus", "src\BuildingBlocks\EventBus\EventBus.AzureServiceBus\EventBus.AzureServiceBus.csproj", "{8DB20C07-D671-4761-82D5-CC54F5789989}"
EndProject
Project("{FAE04EC0-301F-11D3-BF4B-00C04F79EFBC}") = "EventBus.RabbitMQ", "src\BuildingBlocks\EventBus\EventBus.RabbitMQ\EventBus.RabbitMQ.csproj", "{9BBADA28-832C-4A4F-9411-EE9ABA55A87C}"
EndProject
Project("{FAE04EC0-301F-11D3-BF4B-00C04F79EFBC}") = "WebApp", "src\Clients\BlazorWebApp\WebApp\WebApp.csproj", "{D076DE52-2E20-459C-8432-18133441F423}"
EndProject
Project("{2150E333-8FDC-42A3-9474-1A3956D46DE8}") = "BasketService", "BasketService", "{BAE4E8A3-E895-465D-9C76-D69827108CA6}"
EndProject
Project("{FAE04EC0-301F-11D3-BF4B-00C04F79EFBC}") = "BasketService.Api", "src\Services\BasketService\BasketService.Api\BasketService.Api.csproj", "{D69AAF52-C332-4685-A8D6-BFB514CE42ED}"
EndProject
Project("{2150E333-8FDC-42A3-9474-1A3956D46DE8}") = "CatalogService", "CatalogService", "{6097B9F5-4B9F-40C7-8814-406C4E70888B}"
EndProject
Project("{FAE04EC0-301F-11D3-BF4B-00C04F79EFBC}") = "CatalogService.Api", "src\Services\CatalogService\CatalogService.Api\CatalogService.Api.csproj", "{3D40AC89-2714-42D6-A6DB-DCBB4D9296F8}"
EndProject
Project("{2150E333-8FDC-42A3-9474-1A3956D46DE8}") = "IdentityService", "IdentityService", "{A0A867C4-CC03-414B-B08A-707B4D658240}"
EndProject
Project("{FAE04EC0-301F-11D3-BF4B-00C04F79EFBC}") = "IdentityService.Api", "src\Services\IdentityService\IdentityService.Api\IdentityService.Api.csproj", "{CF49BB3F-0711-4E91-8412-E65F64AB7B3B}"
EndProject
Project("{2150E333-8FDC-42A3-9474-1A3956D46DE8}") = "NotificationService", "NotificationService", "{15ABC457-5278-4CEB-9472-CFB66CB606C4}"
EndProject
Project("{FAE04EC0-301F-11D3-BF4B-00C04F79EFBC}") = "NotificationService", "src\Services\NotificationService\NotificationService\NotificationService.csproj", "{C207867D-AC80-476D-973F-46C7FC77F540}"
EndProject
Project("{2150E333-8FDC-42A3-9474-1A3956D46DE8}") = "OrderService", "OrderService", "{85A551F1-F4BF-4100-8202-2C91A5439068}"
EndProject
Project("{FAE04EC0-301F-11D3-BF4B-00C04F79EFBC}") = "OrderService.Domain", "src\Services\OrderService\OrderService.Domain\OrderService.Domain.csproj", "{8E739B41-A8C7-46E5-91DD-B29EAAFE0FA7}"
EndProject
Project("{FAE04EC0-301F-11D3-BF4B-00C04F79EFBC}") = "OrderService.Application", "src\Services\OrderService\OrderService.Application\OrderService.Application.csproj", "{3A9F006B-C383-4BF4-ABE6-A3DDCAB9452F}"
EndProject
Project("{FAE04EC0-301F-11D3-BF4B-00C04F79EFBC}") = "OrderService.Infrastructure", "src\Services\OrderService\OrderService.Infrastructure\OrderService.Infrastructure.csproj", "{D74A89C3-4B48-4E2F-A090-AB1FEB67E3EE}"
EndProject
Project("{FAE04EC0-301F-11D3-BF4B-00C04F79EFBC}") = "OrderService.Api", "src\Services\OrderService\OrderService.Api\OrderService.Api.csproj", "{2F90BD97-F27F-4DEC-BEBE-5B0F7E342510}"
EndProject
Project("{2150E333-8FDC-42A3-9474-1A3956D46DE8}") = "PaymentService", "PaymentService", "{B4717A32-984E-426B-9341-268191A629C1}"
EndProject
Project("{FAE04EC0-301F-11D3-BF4B-00C04F79EFBC}") = "PaymentService.Api", "src\Services\PaymentService\PaymentService.Api\PaymentService.Api.csproj", "{2A56C5DA-6F73-450A-8E6D-BE1D960FEADC}"
EndProject
Global
	GlobalSection(SolutionConfigurationPlatforms) = preSolution
		Debug|Any CPU = Debug|Any CPU
		Release|Any CPU = Release|Any CPU
	EndGlobalSection
	GlobalSection(ProjectConfigurationPlatforms) = postSolution
		{DD209FD5-58E5-4C1C-B4DC-81043C1977E9}.Debug|Any CPU.ActiveCfg = Debug|Any CPU
		{DD209FD5-58E5-4C1C-B4DC-81043C1977E9}.Debug|Any CPU.Build.0 = Debug|Any CPU
		{DD209FD5-58E5-4C1C-B4DC-81043C1977E9}.Release|Any CPU.ActiveCfg = Release|Any CPU
		{DD209FD5-58E5-4C1C-B4DC-81043C1977E9}.Release|Any CPU.Build.0 = Release|Any CPU
		{C267C03D-6045-4A0B-B4F5-5ED73B49D5A0}.Debug|Any CPU.ActiveCfg = Debug|Any CPU
		{C267C03D-6045-4A0B-B4F5-5ED73B49D5A0}.Debug|Any CPU.Build.0 = Debug|Any CPU
		{C267C03D-6045-4A0B-B4F5-5ED73B49D5A0}.Release|Any CPU.ActiveCfg = Release|Any CPU
		{C267C03D-6045-4A0B-B4F5-5ED73B49D5A0}.Release|Any CPU.Build.0 = Release|Any CPU
		{B22D278E-100B-46CC-AC64-B75704AEA268}.Debug|Any CPU.ActiveCfg = Debug|Any CPU
		{B22D278E-100B-46CC-AC64-B75704AEA268}.Debug|Any CPU.Build.0 = Debug|Any CPU
		{B22D278E-100B-46CC-AC64-B75704AEA268}.Release|Any CPU.ActiveCfg = Release|Any CPU
		{B22D278E-100B-46CC-AC64-B75704AEA268}.Release|Any CPU.Build.0 = Release|Any CPU
		{8DB20C07-D671-4761-82D5-CC54F5789989}.Debug|Any CPU.ActiveCfg = Debug|Any CPU
		{8DB20C07-D671-4761-82D5-CC54F5789989}.Debug|Any CPU.Build.0 = Debug|Any CPU
		{8DB20C07-D671-4761-82D5-CC54F5789989}.Release|Any CPU.ActiveCfg = Release|Any CPU
		{8DB20C07-D671-4761-82D5-CC54F5789989}.Release|Any CPU.Build.0 = Release|Any CPU
		{9BBADA28-832C-4A4F-9411-EE9ABA55A87C}.Debug|Any CPU.ActiveCfg = Debug|Any CPU
		{9BBADA28-832C-4A4F-9411-EE9ABA55A87C}.Debug|Any CPU.Build.0 = Debug|Any CPU
		{9BBADA28-832C-4A4F-9411-EE9ABA55A87C}.Release|Any CPU.ActiveCfg = Release|Any CPU
		{9BBADA28-832C-4A4F-9411-EE9ABA55A87C}.Release|Any CPU.Build.0 = Release|Any CPU
		{D076DE52-2E20-459C-8432-18133441F423}.Debug|Any CPU.ActiveCfg = Debug|Any CPU
		{D076DE52-2E20-459C-8432-18133441F423}.Debug|Any CPU.Build.0 = Debug|Any CPU
		{D076DE52-2E20-459C-8432-18133441F423}.Release|Any CPU.ActiveCfg = Release|Any CPU
		{D076DE52-2E20-459C-8432-18133441F423}.Release|Any CPU.Build.0 = Release|Any CPU
		{D69AAF52-C332-4685-A8D6-BFB514CE42ED}.Debug|Any CPU.ActiveCfg = Debug|Any CPU
		{D69AAF52-C332-4685-A8D6-BFB514CE42ED}.Debug|Any CPU.Build.0 = Debug|Any CPU
		{D69AAF52-C332-4685-A8D6-BFB514CE42ED}.Release|Any CPU.ActiveCfg = Release|Any CPU
		{D69AAF52-C332-4685-A8D6-BFB514CE42ED}.Release|Any CPU.Build.0 = Release|Any CPU
		{3D40AC89-2714-42D6-A6DB-DCBB4D9296F8}.Debug|Any CPU.ActiveCfg = Debug|Any CPU
		{3D40AC89-2714-42D6-A6DB-DCBB4D9296F8}.Debug|Any CPU.Build.0 = Debug|Any CPU
		{3D40AC89-2714-42D6-A6DB-DCBB4D9296F8}.Release|Any CPU.ActiveCfg = Release|Any CPU
		{3D40AC89-2714-42D6-A6DB-DCBB4D9296F8}.Release|Any CPU.Build.0 = Release|Any CPU
		{CF49BB3F-0711-4E91-8412-E65F64AB7B3B}.Debug|Any CPU.ActiveCfg = Debug|Any CPU
		{CF49BB3F-0711-4E91-8412-E65F64AB7B3B}.Debug|Any CPU.Build.0 = Debug|Any CPU
		{CF49BB3F-0711-4E91-8412-E65F64AB7B3B}.Release|Any CPU.ActiveCfg = Release|Any CPU
		{CF49BB3F-0711-4E91-8412-E65F64AB7B3B}.Release|Any CPU.Build.0 = Release|Any CPU
		{C207867D-AC80-476D-973F-46C7FC77F540}.Debug|Any CPU.ActiveCfg = Debug|Any CPU
		{C207867D-AC80-476D-973F-46C7FC77F540}.Debug|Any CPU.Build.0 = Debug|Any CPU
		{C207867D-AC80-476D-973F-46C7FC77F540}.Release|Any CPU.ActiveCfg = Release|Any CPU
		{C207867D-AC80-476D-973F-46C7FC77F540}.Release|Any CPU.Build.0 = Release|Any CPU
		{8E739B41-A8C7-46E5-91DD-B29EAAFE0FA7}.Debug|Any CPU.ActiveCfg = Debug|Any CPU
		{8E739B41-A8C7-46E5-91DD-B29EAAFE0FA7}.Debug|Any CPU.Build.0 = Debug|Any CPU
		{8E739B41-A8C7-46E5-91DD-B29EAAFE0FA7}.Release|Any CPU.ActiveCfg = Release|Any CPU
		{8E739B41-A8C7-46E5-91DD-B29EAAFE0FA7}.Release|Any CPU.Build.0 = Release|Any CPU
		{3A9F006B-C383-4BF4-ABE6-A3DDCAB9452F}.Debug|Any CPU.ActiveCfg = Debug|Any CPU
		{3A9F006B-C383-4BF4-ABE6-A3DDCAB9452F}.Debug|Any CPU.Build.0 = Debug|Any CPU
		{3A9F006B-C383-4BF4-ABE6-A3DDCAB9452F}.Release|Any CPU.ActiveCfg = Release|Any CPU
		{3A9F006B-C383-4BF4-ABE6-A3DDCAB9452F}.Release|Any CPU.Build.0 = Release|Any CPU
		{D74A89C3-4B48-4E2F-A090-AB1FEB67E3EE}.Debug|Any CPU.ActiveCfg = Debug|Any CPU
		{D74A89C3-4B48-4E2F-A090-AB1FEB67E3EE}.Debug|Any CPU.Build.0 = Debug|Any CPU
		{D74A89C3-4B48-4E2F-A090-AB1FEB67E3EE}.Release|Any CPU.ActiveCfg = Release|Any CPU
		{D74A89C3-4B48-4E2F-A090-AB1FEB67E3EE}.Release|Any CPU.Build.0 = Release|Any CPU
		{2F90BD97-F27F-4DEC-BEBE-5B0F7E342510}.Debug|Any CPU.ActiveCfg = Debug|Any CPU
		{2F90BD97-F27F-4DEC-BEBE-5B0F7E342510}.Debug|Any CPU.Build.0 = Debug|Any CPU
		{2F90BD97-F27F-4DEC-BEBE-5B0F7E342510}.Release|Any CPU.ActiveCfg = Release|Any CPU
		{2F90BD97-F27F-4DEC-BEBE-5B0F7E342510}.Release|Any CPU.Build.0 = Release|Any CPU
		{2A56C5DA-6F73-450A-8E6D-BE1D960FEADC}.Debug|Any CPU.ActiveCfg = Debug|Any CPU
		{2A56C5DA-6F73-450A-8E6D-BE1D960FEADC}.Debug|Any CPU.Build.0 = Debug|Any CPU
		{2A56C5DA-6F73-450A-8E6D-BE1D960FEADC}.Release|Any CPU.ActiveCfg = Release|Any CPU
		{2A56C5DA-6F73-450A-8E6D-BE1D960FEADC}.Release|Any CPU.Build.0 = Release|Any CPU
	EndGlobalSection
	GlobalSection(SolutionProperties) = preSolution
		HideSolutionNode = FALSE
	EndGlobalSection
	GlobalSection(NestedProjects) = preSolution
		{450CF575-D9F8-4C6E-AE29-BC8CE1B4239F} = {2FA45FEC-CB6D-4C9C-9F3F-E88089209C9D}
		{C23FF329-259F-409C-9FBE-E92B37678188} = {2FA45FEC-CB6D-4C9C-9F3F-E88089209C9D}
		{8A9483B8-CDB7-4D7C-B000-FDCBB466DC37} = {2FA45FEC-CB6D-4C9C-9F3F-E88089209C9D}
		{02E763D4-6605-4E7C-8BDB-F19ECA4930E4} = {2FA45FEC-CB6D-4C9C-9F3F-E88089209C9D}
		{58BFF724-E734-490C-8BF8-A0E6A1D56929} = {02E763D4-6605-4E7C-8BDB-F19ECA4930E4}
		{3A1E423C-C4E7-4575-AD3E-EBF58F34D11E} = {450CF575-D9F8-4C6E-AE29-BC8CE1B4239F}
		{DD209FD5-58E5-4C1C-B4DC-81043C1977E9} = {3A1E423C-C4E7-4575-AD3E-EBF58F34D11E}
		{8873FB35-28BB-401D-95BC-1B3F78D40E78} = {C23FF329-259F-409C-9FBE-E92B37678188}
		{C267C03D-6045-4A0B-B4F5-5ED73B49D5A0} = {8873FB35-28BB-401D-95BC-1B3F78D40E78}
		{B22D278E-100B-46CC-AC64-B75704AEA268} = {8873FB35-28BB-401D-95BC-1B3F78D40E78}
		{8DB20C07-D671-4761-82D5-CC54F5789989} = {8873FB35-28BB-401D-95BC-1B3F78D40E78}
		{9BBADA28-832C-4A4F-9411-EE9ABA55A87C} = {8873FB35-28BB-401D-95BC-1B3F78D40E78}
		{D076DE52-2E20-459C-8432-18133441F423} = {58BFF724-E734-490C-8BF8-A0E6A1D56929}
		{BAE4E8A3-E895-465D-9C76-D69827108CA6} = {8A9483B8-CDB7-4D7C-B000-FDCBB466DC37}
		{D69AAF52-C332-4685-A8D6-BFB514CE42ED} = {BAE4E8A3-E895-465D-9C76-D69827108CA6}
		{6097B9F5-4B9F-40C7-8814-406C4E70888B} = {8A9483B8-CDB7-4D7C-B000-FDCBB466DC37}
		{3D40AC89-2714-42D6-A6DB-DCBB4D9296F8} = {6097B9F5-4B9F-40C7-8814-406C4E70888B}
		{A0A867C4-CC03-414B-B08A-707B4D658240} = {8A9483B8-CDB7-4D7C-B000-FDCBB466DC37}
		{CF49BB3F-0711-4E91-8412-E65F64AB7B3B} = {A0A867C4-CC03-414B-B08A-707B4D658240}
		{15ABC457-5278-4CEB-9472-CFB66CB606C4} = {8A9483B8-CDB7-4D7C-B000-FDCBB466DC37}
		{C207867D-AC80-476D-973F-46C7FC77F540} = {15ABC457-5278-4CEB-9472-CFB66CB606C4}
		{85A551F1-F4BF-4100-8202-2C91A5439068} = {8A9483B8-CDB7-4D7C-B000-FDCBB466DC37}
		{8E739B41-A8C7-46E5-91DD-B29EAAFE0FA7} = {85A551F1-F4BF-4100-8202-2C91A5439068}
		{3A9F006B-C383-4BF4-ABE6-A3DDCAB9452F} = {85A551F1-F4BF-4100-8202-2C91A5439068}
		{D74A89C3-4B48-4E2F-A090-AB1FEB67E3EE} = {85A551F1-F4BF-4100-8202-2C91A5439068}
		{2F90BD97-F27F-4DEC-BEBE-5B0F7E342510} = {85A551F1-F4BF-4100-8202-2C91A5439068}
		{B4717A32-984E-426B-9341-268191A629C1} = {8A9483B8-CDB7-4D7C-B000-FDCBB466DC37}
		{2A56C5DA-6F73-450A-8E6D-BE1D960FEADC} = {B4717A32-984E-426B-9341-268191A629C1}
	EndGlobalSection
	GlobalSection(ExtensibilityGlobals) = postSolution
		SolutionGuid = {C83BBBFC-07E6-474A-8584-792BF93E3D05}
	EndGlobalSection
EndGlobal
